
Microsoft Visual Studio Solution File, Format Version 12.00
# Visual Studio Version 17
VisualStudioVersion = 17.7.34031.279
MinimumVisualStudioVersion = 10.0.40219.1
Project("{9A19103F-16F7-4668-BE54-9A1E7A4F7556}") = "NECS", "NECS\NECS.csproj", "{7480C4DE-80E8-4724-A27D-A4E15D7B40F1}"
EndProject
Project("{9A19103F-16F7-4668-BE54-9A1E7A4F7556}") = "NECS_Client", "NECS_Client\NECS_Client.csproj", "{DF94A7FF-6742-4858-B4E0-6542195C7276}"
EndProject
Project("{9A19103F-16F7-4668-BE54-9A1E7A4F7556}") = "NECS_Server", "NECS_Server\NECS_Server.csproj", "{CF32CD81-C888-40ED-BD75-3C1884509652}"
EndProject
Project("{FAE04EC0-301F-11D3-BF4B-00C04F79EFBC}") = "NECS_Test", "NECS_Test\NECS_Test.csproj", "{F8917A68-B456-4322-9934-8DBD7864C103}"
EndProject
Global
	GlobalSection(SolutionConfigurationPlatforms) = preSolution
		Debug|Any CPU = Debug|Any CPU
		Release|Any CPU = Release|Any CPU
	EndGlobalSection
	GlobalSection(ProjectConfigurationPlatforms) = postSolution
		{7480C4DE-80E8-4724-A27D-A4E15D7B40F1}.Debug|Any CPU.ActiveCfg = Debug|Any CPU
		{7480C4DE-80E8-4724-A27D-A4E15D7B40F1}.Debug|Any CPU.Build.0 = Debug|Any CPU
		{7480C4DE-80E8-4724-A27D-A4E15D7B40F1}.Release|Any CPU.ActiveCfg = Release|Any CPU
		{7480C4DE-80E8-4724-A27D-A4E15D7B40F1}.Release|Any CPU.Build.0 = Release|Any CPU
		{DF94A7FF-6742-4858-B4E0-6542195C7276}.Debug|Any CPU.ActiveCfg = Debug|Any CPU
		{DF94A7FF-6742-4858-B4E0-6542195C7276}.Debug|Any CPU.Build.0 = Debug|Any CPU
		{DF94A7FF-6742-4858-B4E0-6542195C7276}.Release|Any CPU.ActiveCfg = Release|Any CPU
		{DF94A7FF-6742-4858-B4E0-6542195C7276}.Release|Any CPU.Build.0 = Release|Any CPU
		{CF32CD81-C888-40ED-BD75-3C1884509652}.Debug|Any CPU.ActiveCfg = Debug|Any CPU
		{CF32CD81-C888-40ED-BD75-3C1884509652}.Debug|Any CPU.Build.0 = Debug|Any CPU
		{CF32CD81-C888-40ED-BD75-3C1884509652}.Release|Any CPU.ActiveCfg = Release|Any CPU
		{CF32CD81-C888-40ED-BD75-3C1884509652}.Release|Any CPU.Build.0 = Release|Any CPU
		{F8917A68-B456-4322-9934-8DBD7864C103}.Debug|Any CPU.ActiveCfg = Debug|Any CPU
		{F8917A68-B456-4322-9934-8DBD7864C103}.Debug|Any CPU.Build.0 = Debug|Any CPU
		{F8917A68-B456-4322-9934-8DBD7864C103}.Release|Any CPU.ActiveCfg = Release|Any CPU
		{F8917A68-B456-4322-9934-8DBD7864C103}.Release|Any CPU.Build.0 = Release|Any CPU
	EndGlobalSection
	GlobalSection(SolutionProperties) = preSolution
		HideSolutionNode = FALSE
	EndGlobalSection
	GlobalSection(ExtensibilityGlobals) = postSolution
		SolutionGuid = {CF4741E5-97EA-421D-BACA-6ADA46896A9D}
	EndGlobalSection
EndGlobal
